PackratFormat: 1.4
PackratVersion: 0.4.4
RVersion: 3.2.0
Repos: CRAN=http://cran.rstudio.com,
    CRANextra=http://www.stats.ox.ac.uk/pub/RWin

Package: BH
Source: CRAN
Version: 1.58.0-1
Hash: 4f6db3b5311bb006f536a2e67278d058

Package: RColorBrewer
Source: CRAN
Version: 1.1-2
Hash: c0d56cd15034f395874c870141870c25

Package: Rcpp
Source: CRAN
Version: 0.12.0
Hash: 9cad2f0525579d98b5ec2536febaf0da

Package: colorspace
Source: CRAN
Version: 1.2-6
Hash: 00bb12245cd975c450cc4a960884fa15

Package: dichromat
Source: CRAN
Version: 2.0-0
Hash: 08eed0c80510af29bb15f840ccfe37ce

Package: digest
Source: CRAN
Version: 0.6.8
Hash: de202f956596a476d09304e3a2ebf1e5

Package: ggplot2
Source: github
Version: 1.0.1.9002
Hash: 4d30a7976b391aa2e382a7e5b34edc1a
Requires: digest, gtable, plyr, reshape2, scales
GithubRepo: ggplot2
GithubUsername: hadley
GithubRef: master
GithubSha1: bb9f6fb42d80b1139a277d4e8297bb75e33535ab

Package: gridExtra
Source: CRAN
Version: 2.0.0
Hash: 9be37a2d3b6a427d8a3d2a42f2b0bc01
Requires: gtable

Package: gtable
Source: CRAN
Version: 0.1.2
Hash: 38a0f066373a60824cd3ade2362af363

Package: haven
Source: CRAN
Version: 0.2.0
Requires: BH, Rcpp

Package: labeling
Source: CRAN
Version: 0.3
Hash: ecf589b42cd284b03a4beb9665482d3e

Package: magrittr
Source: CRAN
Version: 1.5
Hash: bdc4d48c3135e8f3b399536ddf160df4

Package: munsell
Source: CRAN
Version: 0.4.2
Hash: 72d343a6664778029f49a7ad36de1cab
Requires: colorspace

Package: packrat
Source: CRAN
Version: 0.4.4
Hash: aed7d17407538df551a57caf6289c8bf

Package: plyr
Source: CRAN
Version: 1.8.3
Hash: 244dc84caf66006e7424b8001b2b9c99
Requires: Rcpp

Package: reshape2
Source: CRAN
Version: 1.4.1
Hash: 3131569136fc8988dd84ef57c9c28d5c
Requires: Rcpp, plyr, stringr

Package: scales
Source: github
Version: 0.2.5.9003
Hash: 2944ee1cc2d1a179e05bfea0d38d84f9
Requires: RColorBrewer, Rcpp, dichromat, labeling, munsell, plyr
GithubRepo: scales
GithubUsername: hadley
GithubRef: master
GithubSha1: 356bee8b3bfe95c8f4334d6dff776bb7ea458b1e

Package: stringi
Source: CRAN
Version: 0.5-5
Hash: e7c67668a472e26e0c95bc8fa9049198

Package: stringr
Source: CRAN
Version: 1.0.0
Hash: 2676dd5f88890910962b733b0f9540e1
Requires: magrittr, stringi
